Microsoft Visual Studio Solution File, Format Version 11.00
# Visual Studio 2008

Project("{B81E208B-B65C-F892-2E51-C4A995A0B246}") = "SoftwareEngineeringProject", "Assembly-CSharp.csproj", "{512F6309-2754-9A1A-C3A2-8906CFDC51DD}"
EndProject
Project("{B81E208B-B65C-F892-2E51-C4A995A0B246}") = "SoftwareEngineeringProject", "Assembly-CSharp-Editor.csproj", "{2060F5F7-1AE5-34B7-7A95-66204B72FE3C}"
EndProject
Global
	GlobalSection(SolutionConfigurationPlatforms) = preSolution
		Debug|Any CPU = Debug|Any CPU
		Release|Any CPU = Release|Any CPU
	EndGlobalSection
	GlobalSection(ProjectConfigurationPlatforms) = postSolution
		{512F6309-2754-9A1A-C3A2-8906CFDC51DD}.Debug|Any CPU.ActiveCfg = Debug|Any CPU
		{512F6309-2754-9A1A-C3A2-8906CFDC51DD}.Debug|Any CPU.Build.0 = Debug|Any CPU
		{512F6309-2754-9A1A-C3A2-8906CFDC51DD}.Release|Any CPU.ActiveCfg = Release|Any CPU
		{512F6309-2754-9A1A-C3A2-8906CFDC51DD}.Release|Any CPU.Build.0 = Release|Any CPU
		{2060F5F7-1AE5-34B7-7A95-66204B72FE3C}.Debug|Any CPU.ActiveCfg = Debug|Any CPU
		{2060F5F7-1AE5-34B7-7A95-66204B72FE3C}.Debug|Any CPU.Build.0 = Debug|Any CPU
		{2060F5F7-1AE5-34B7-7A95-66204B72FE3C}.Release|Any CPU.ActiveCfg = Release|Any CPU
		{2060F5F7-1AE5-34B7-7A95-66204B72FE3C}.Release|Any CPU.Build.0 = Release|Any CPU
	EndGlobalSection
	GlobalSection(SolutionProperties) = preSolution
		HideSolutionNode = FALSE
	EndGlobalSection
	GlobalSection(MonoDevelopProperties) = preSolution
		StartupItem = Assembly-CSharp.csproj
	EndGlobalSection
EndGlobal
