
Microsoft Visual Studio Solution File, Format Version 12.00
# Visual Studio 2015
Project("{FAE04EC0-301F-11D3-BF4B-00C04F79EFBC}") = "SoftwareEngineeringProject.CSharp", "SoftwareEngineeringProject.CSharp.csproj", "{3F0C7125-3CED-B594-F4BA-B0DE08DC65DB}"
EndProject
Project("{FAE04EC0-301F-11D3-BF4B-00C04F79EFBC}") = "SoftwareEngineeringProject.CSharp.Editor", "SoftwareEngineeringProject.CSharp.Editor.csproj", "{B91CCF8D-80D9-42C1-4169-BDBB0F1CC31D}"
EndProject
Global
	GlobalSection(SolutionConfigurationPlatforms) = preSolution
		Debug|Any CPU = Debug|Any CPU
		Release|Any CPU = Release|Any CPU
	EndGlobalSection
	GlobalSection(ProjectConfigurationPlatforms) = postSolution
		{3F0C7125-3CED-B594-F4BA-B0DE08DC65DB}.Debug|Any CPU.ActiveCfg = Debug|Any CPU
		{3F0C7125-3CED-B594-F4BA-B0DE08DC65DB}.Debug|Any CPU.Build.0 = Debug|Any CPU
		{3F0C7125-3CED-B594-F4BA-B0DE08DC65DB}.Release|Any CPU.ActiveCfg = Release|Any CPU
		{3F0C7125-3CED-B594-F4BA-B0DE08DC65DB}.Release|Any CPU.Build.0 = Release|Any CPU
		{B91CCF8D-80D9-42C1-4169-BDBB0F1CC31D}.Debug|Any CPU.ActiveCfg = Debug|Any CPU
		{B91CCF8D-80D9-42C1-4169-BDBB0F1CC31D}.Debug|Any CPU.Build.0 = Debug|Any CPU
		{B91CCF8D-80D9-42C1-4169-BDBB0F1CC31D}.Release|Any CPU.ActiveCfg = Release|Any CPU
		{B91CCF8D-80D9-42C1-4169-BDBB0F1CC31D}.Release|Any CPU.Build.0 = Release|Any CPU
	EndGlobalSection
	GlobalSection(SolutionProperties) = preSolution
		HideSolutionNode = FALSE
	EndGlobalSection
EndGlobal
